
Microsoft Visual Studio Solution File, Format Version 12.00
# Visual Studio Version 17
VisualStudioVersion = 17.2.32602.215
MinimumVisualStudioVersion = 10.0.40219.1
Project("{2150E333-8FDC-42A3-9474-1A3956D46DE8}") = "src", "src", "{7839A1BB-DF9E-4B97-8025-66CA1620C3EC}"
EndProject
Project("{2150E333-8FDC-42A3-9474-1A3956D46DE8}") = "test", "test", "{FB3E78A7-FFF4-4C97-B5A4-FF7561CF67BE}"
EndProject
Project("{9A19103F-16F7-4668-BE54-9A1E7A4F7556}") = "NHibernateUtils", "src\NHibernateUtils\NHibernateUtils.csproj", "{2C1F843B-57FA-4173-BD7A-BABF02533A36}"
EndProject
Project("{9A19103F-16F7-4668-BE54-9A1E7A4F7556}") = "NHibernateUtilsTests", "test\NHibernateUtilsTests\NHibernateUtilsTests.csproj", "{F50AF94C-BA22-4976-B190-9F7D124E70E7}"
EndProject
Global
	GlobalSection(SolutionConfigurationPlatforms) = preSolution
		Debug|Any CPU = Debug|Any CPU
		Release|Any CPU = Release|Any CPU
	EndGlobalSection
	GlobalSection(ProjectConfigurationPlatforms) = postSolution
		{2C1F843B-57FA-4173-BD7A-BABF02533A36}.Debug|Any CPU.ActiveCfg = Debug|Any CPU
		{2C1F843B-57FA-4173-BD7A-BABF02533A36}.Debug|Any CPU.Build.0 = Debug|Any CPU
		{2C1F843B-57FA-4173-BD7A-BABF02533A36}.Release|Any CPU.ActiveCfg = Release|Any CPU
		{2C1F843B-57FA-4173-BD7A-BABF02533A36}.Release|Any CPU.Build.0 = Release|Any CPU
		{F50AF94C-BA22-4976-B190-9F7D124E70E7}.Debug|Any CPU.ActiveCfg = Debug|Any CPU
		{F50AF94C-BA22-4976-B190-9F7D124E70E7}.Debug|Any CPU.Build.0 = Debug|Any CPU
		{F50AF94C-BA22-4976-B190-9F7D124E70E7}.Release|Any CPU.ActiveCfg = Release|Any CPU
		{F50AF94C-BA22-4976-B190-9F7D124E70E7}.Release|Any CPU.Build.0 = Release|Any CPU
	EndGlobalSection
	GlobalSection(SolutionProperties) = preSolution
		HideSolutionNode = FALSE
	EndGlobalSection
	GlobalSection(NestedProjects) = preSolution
		{2C1F843B-57FA-4173-BD7A-BABF02533A36} = {7839A1BB-DF9E-4B97-8025-66CA1620C3EC}
		{F50AF94C-BA22-4976-B190-9F7D124E70E7} = {FB3E78A7-FFF4-4C97-B5A4-FF7561CF67BE}
	EndGlobalSection
	GlobalSection(ExtensibilityGlobals) = postSolution
		SolutionGuid = {35F45F6A-9C87-4683-840E-6766C03E3437}
	EndGlobalSection
EndGlobal
